
Microsoft Visual Studio Solution File, Format Version 12.00
# Visual Studio 15
Project("{FAE04EC0-301F-11D3-BF4B-00C04F79EFBC}") = "Assembly-CSharp", "Assembly-CSharp.csproj", "{34DB560F-63BD-B494-4AFF-3119153B5BC8}"
EndProject
Project("{FAE04EC0-301F-11D3-BF4B-00C04F79EFBC}") = "Assembly-CSharp-Editor", "Assembly-CSharp-Editor.csproj", "{20326543-98DC-3110-A6B5-AC1EB6E4224E}"
EndProject
Global
	GlobalSection(SolutionConfigurationPlatforms) = preSolution
		Debug|Any CPU = Debug|Any CPU
		Release|Any CPU = Release|Any CPU
	EndGlobalSection
	GlobalSection(ProjectConfigurationPlatforms) = postSolution
		{34DB560F-63BD-B494-4AFF-3119153B5BC8}.Debug|Any CPU.ActiveCfg = Debug|Any CPU
		{34DB560F-63BD-B494-4AFF-3119153B5BC8}.Debug|Any CPU.Build.0 = Debug|Any CPU
		{34DB560F-63BD-B494-4AFF-3119153B5BC8}.Release|Any CPU.ActiveCfg = Release|Any CPU
		{34DB560F-63BD-B494-4AFF-3119153B5BC8}.Release|Any CPU.Build.0 = Release|Any CPU
		{20326543-98DC-3110-A6B5-AC1EB6E4224E}.Debug|Any CPU.ActiveCfg = Debug|Any CPU
		{20326543-98DC-3110-A6B5-AC1EB6E4224E}.Debug|Any CPU.Build.0 = Debug|Any CPU
		{20326543-98DC-3110-A6B5-AC1EB6E4224E}.Release|Any CPU.ActiveCfg = Release|Any CPU
		{20326543-98DC-3110-A6B5-AC1EB6E4224E}.Release|Any CPU.Build.0 = Release|Any CPU
	EndGlobalSection
	GlobalSection(SolutionProperties) = preSolution
		HideSolutionNode = FALSE
	EndGlobalSection
EndGlobal
